{
  "requires": true,
  "lockfileVersion": 1,
  "dependencies": {
    "vue-spinner": {
      "version": "1.0.3",
      "resolved": "https://registry.npmjs.org/vue-spinner/-/vue-spinner-1.0.3.tgz",
      "integrity": "sha512-Phh6QC/Bh80ZE/0SH9ADw4irbRGwFK6VZsTksPHpPm16xga2OXwNC2nI7SEPnndUZP+Lgu1wu+pbH6i6+5siBQ=="
    }
  }
}
